
Microsoft Visual Studio Solution File, Format Version 12.00
# Visual Studio Version 17
VisualStudioVersion = 17.3.32901.215
MinimumVisualStudioVersion = 10.0.40219.1
Project("{9A19103F-16F7-4668-BE54-9A1E7A4F7556}") = "Exercicio001", "Exercicio001.csproj", "{B4880D49-70DE-44FC-9E19-D45E3C09F5B4}"
EndProject
Project("{9A19103F-16F7-4668-BE54-9A1E7A4F7556}") = "Exercicio002", "..\Exercicio002\Exercicio002.csproj", "{447DAD8F-B4AF-40C8-9A72-70C4A5A02F00}"
EndProject
Project("{9A19103F-16F7-4668-BE54-9A1E7A4F7556}") = "Exercicio003", "..\Exercicio003\Exercicio003.csproj", "{821E5D31-B5FF-4F48-845E-13D0701C2775}"
EndProject
Project("{9A19103F-16F7-4668-BE54-9A1E7A4F7556}") = "Exercicio004", "..\Exercicio004\Exercicio004.csproj", "{BCFDAAC9-9633-4D07-8417-F80F75BA4CD0}"
EndProject
Project("{9A19103F-16F7-4668-BE54-9A1E7A4F7556}") = "Exercicio005", "..\Exercicio005\Exercicio005.csproj", "{DCE46139-8EA6-4474-AA4F-1E15E0C3828D}"
EndProject
Project("{9A19103F-16F7-4668-BE54-9A1E7A4F7556}") = "Exercicio006", "..\Exercicio006\Exercicio006.csproj", "{5A06AB38-A597-4171-847C-5388ABCA744C}"
EndProject
Project("{9A19103F-16F7-4668-BE54-9A1E7A4F7556}") = "Exercicio007", "..\Exercicio007\Exercicio007.csproj", "{1C166AD7-321B-40B8-B4A3-E7DE2D631ACC}"
EndProject
Project("{9A19103F-16F7-4668-BE54-9A1E7A4F7556}") = "Exercicio008", "..\Exercicio008\Exercicio008.csproj", "{EA0DFF6F-5843-4AAF-9FE3-5C26CB3BA188}"
EndProject
Project("{9A19103F-16F7-4668-BE54-9A1E7A4F7556}") = "Exercicio009", "..\Exercicio009\Exercicio009.csproj", "{CDB80DB7-F87A-4415-97AF-F6482BF22245}"
EndProject
Project("{9A19103F-16F7-4668-BE54-9A1E7A4F7556}") = "Exercicio010", "..\Exercicio0010\Exercicio010.csproj", "{5A9598EE-34E1-4BA8-87CE-6B6964BCBB25}"
EndProject
Project("{9A19103F-16F7-4668-BE54-9A1E7A4F7556}") = "Exercicio011", "..\Exercicio011\Exercicio011.csproj", "{FAABB3FA-2A56-40D6-A9E1-4F8809CA851E}"
EndProject
Project("{9A19103F-16F7-4668-BE54-9A1E7A4F7556}") = "Exercicio012", "..\Exercicio012\Exercicio012.csproj", "{BCB8B11E-981F-459D-AB7E-6D1ECC6AD17D}"
EndProject
Project("{9A19103F-16F7-4668-BE54-9A1E7A4F7556}") = "Exercicio013", "..\Exercicio013\Exercicio013.csproj", "{5D80DC19-C2EF-4E5D-A57C-CDA647C252E6}"
EndProject
Project("{FAE04EC0-301F-11D3-BF4B-00C04F79EFBC}") = "Exercicio014", "..\Exercicio014\Exercicio014.csproj", "{3C323D39-F582-437E-B713-6A2563C33F1F}"
EndProject
Project("{FAE04EC0-301F-11D3-BF4B-00C04F79EFBC}") = "Exercicio015", "..\Exercicio015\Exercicio015.csproj", "{E224FDE0-E3DD-4C54-ABDE-E9046521E571}"
EndProject
Global
	GlobalSection(SolutionConfigurationPlatforms) = preSolution
		Debug|Any CPU = Debug|Any CPU
		Release|Any CPU = Release|Any CPU
	EndGlobalSection
	GlobalSection(ProjectConfigurationPlatforms) = postSolution
		{B4880D49-70DE-44FC-9E19-D45E3C09F5B4}.Debug|Any CPU.ActiveCfg = Debug|Any CPU
		{B4880D49-70DE-44FC-9E19-D45E3C09F5B4}.Debug|Any CPU.Build.0 = Debug|Any CPU
		{B4880D49-70DE-44FC-9E19-D45E3C09F5B4}.Release|Any CPU.ActiveCfg = Release|Any CPU
		{B4880D49-70DE-44FC-9E19-D45E3C09F5B4}.Release|Any CPU.Build.0 = Release|Any CPU
		{447DAD8F-B4AF-40C8-9A72-70C4A5A02F00}.Debug|Any CPU.ActiveCfg = Debug|Any CPU
		{447DAD8F-B4AF-40C8-9A72-70C4A5A02F00}.Debug|Any CPU.Build.0 = Debug|Any CPU
		{447DAD8F-B4AF-40C8-9A72-70C4A5A02F00}.Release|Any CPU.ActiveCfg = Release|Any CPU
		{447DAD8F-B4AF-40C8-9A72-70C4A5A02F00}.Release|Any CPU.Build.0 = Release|Any CPU
		{821E5D31-B5FF-4F48-845E-13D0701C2775}.Debug|Any CPU.ActiveCfg = Debug|Any CPU
		{821E5D31-B5FF-4F48-845E-13D0701C2775}.Debug|Any CPU.Build.0 = Debug|Any CPU
		{821E5D31-B5FF-4F48-845E-13D0701C2775}.Release|Any CPU.ActiveCfg = Release|Any CPU
		{821E5D31-B5FF-4F48-845E-13D0701C2775}.Release|Any CPU.Build.0 = Release|Any CPU
		{BCFDAAC9-9633-4D07-8417-F80F75BA4CD0}.Debug|Any CPU.ActiveCfg = Debug|Any CPU
		{BCFDAAC9-9633-4D07-8417-F80F75BA4CD0}.Debug|Any CPU.Build.0 = Debug|Any CPU
		{BCFDAAC9-9633-4D07-8417-F80F75BA4CD0}.Release|Any CPU.ActiveCfg = Release|Any CPU
		{BCFDAAC9-9633-4D07-8417-F80F75BA4CD0}.Release|Any CPU.Build.0 = Release|Any CPU
		{DCE46139-8EA6-4474-AA4F-1E15E0C3828D}.Debug|Any CPU.ActiveCfg = Debug|Any CPU
		{DCE46139-8EA6-4474-AA4F-1E15E0C3828D}.Debug|Any CPU.Build.0 = Debug|Any CPU
		{DCE46139-8EA6-4474-AA4F-1E15E0C3828D}.Release|Any CPU.ActiveCfg = Release|Any CPU
		{DCE46139-8EA6-4474-AA4F-1E15E0C3828D}.Release|Any CPU.Build.0 = Release|Any CPU
		{5A06AB38-A597-4171-847C-5388ABCA744C}.Debug|Any CPU.ActiveCfg = Debug|Any CPU
		{5A06AB38-A597-4171-847C-5388ABCA744C}.Debug|Any CPU.Build.0 = Debug|Any CPU
		{5A06AB38-A597-4171-847C-5388ABCA744C}.Release|Any CPU.ActiveCfg = Release|Any CPU
		{5A06AB38-A597-4171-847C-5388ABCA744C}.Release|Any CPU.Build.0 = Release|Any CPU
		{1C166AD7-321B-40B8-B4A3-E7DE2D631ACC}.Debug|Any CPU.ActiveCfg = Debug|Any CPU
		{1C166AD7-321B-40B8-B4A3-E7DE2D631ACC}.Debug|Any CPU.Build.0 = Debug|Any CPU
		{1C166AD7-321B-40B8-B4A3-E7DE2D631ACC}.Release|Any CPU.ActiveCfg = Release|Any CPU
		{1C166AD7-321B-40B8-B4A3-E7DE2D631ACC}.Release|Any CPU.Build.0 = Release|Any CPU
		{EA0DFF6F-5843-4AAF-9FE3-5C26CB3BA188}.Debug|Any CPU.ActiveCfg = Debug|Any CPU
		{EA0DFF6F-5843-4AAF-9FE3-5C26CB3BA188}.Debug|Any CPU.Build.0 = Debug|Any CPU
		{EA0DFF6F-5843-4AAF-9FE3-5C26CB3BA188}.Release|Any CPU.ActiveCfg = Release|Any CPU
		{EA0DFF6F-5843-4AAF-9FE3-5C26CB3BA188}.Release|Any CPU.Build.0 = Release|Any CPU
		{CDB80DB7-F87A-4415-97AF-F6482BF22245}.Debug|Any CPU.ActiveCfg = Debug|Any CPU
		{CDB80DB7-F87A-4415-97AF-F6482BF22245}.Debug|Any CPU.Build.0 = Debug|Any CPU
		{CDB80DB7-F87A-4415-97AF-F6482BF22245}.Release|Any CPU.ActiveCfg = Release|Any CPU
		{CDB80DB7-F87A-4415-97AF-F6482BF22245}.Release|Any CPU.Build.0 = Release|Any CPU
		{5A9598EE-34E1-4BA8-87CE-6B6964BCBB25}.Debug|Any CPU.ActiveCfg = Debug|Any CPU
		{5A9598EE-34E1-4BA8-87CE-6B6964BCBB25}.Debug|Any CPU.Build.0 = Debug|Any CPU
		{5A9598EE-34E1-4BA8-87CE-6B6964BCBB25}.Release|Any CPU.ActiveCfg = Release|Any CPU
		{5A9598EE-34E1-4BA8-87CE-6B6964BCBB25}.Release|Any CPU.Build.0 = Release|Any CPU
		{FAABB3FA-2A56-40D6-A9E1-4F8809CA851E}.Debug|Any CPU.ActiveCfg = Debug|Any CPU
		{FAABB3FA-2A56-40D6-A9E1-4F8809CA851E}.Debug|Any CPU.Build.0 = Debug|Any CPU
		{FAABB3FA-2A56-40D6-A9E1-4F8809CA851E}.Release|Any CPU.ActiveCfg = Release|Any CPU
		{FAABB3FA-2A56-40D6-A9E1-4F8809CA851E}.Release|Any CPU.Build.0 = Release|Any CPU
		{BCB8B11E-981F-459D-AB7E-6D1ECC6AD17D}.Debug|Any CPU.ActiveCfg = Debug|Any CPU
		{BCB8B11E-981F-459D-AB7E-6D1ECC6AD17D}.Debug|Any CPU.Build.0 = Debug|Any CPU
		{BCB8B11E-981F-459D-AB7E-6D1ECC6AD17D}.Release|Any CPU.ActiveCfg = Release|Any CPU
		{BCB8B11E-981F-459D-AB7E-6D1ECC6AD17D}.Release|Any CPU.Build.0 = Release|Any CPU
		{5D80DC19-C2EF-4E5D-A57C-CDA647C252E6}.Debug|Any CPU.ActiveCfg = Debug|Any CPU
		{5D80DC19-C2EF-4E5D-A57C-CDA647C252E6}.Debug|Any CPU.Build.0 = Debug|Any CPU
		{5D80DC19-C2EF-4E5D-A57C-CDA647C252E6}.Release|Any CPU.ActiveCfg = Release|Any CPU
		{5D80DC19-C2EF-4E5D-A57C-CDA647C252E6}.Release|Any CPU.Build.0 = Release|Any CPU
		{3C323D39-F582-437E-B713-6A2563C33F1F}.Debug|Any CPU.ActiveCfg = Debug|Any CPU
		{3C323D39-F582-437E-B713-6A2563C33F1F}.Debug|Any CPU.Build.0 = Debug|Any CPU
		{3C323D39-F582-437E-B713-6A2563C33F1F}.Release|Any CPU.ActiveCfg = Release|Any CPU
		{3C323D39-F582-437E-B713-6A2563C33F1F}.Release|Any CPU.Build.0 = Release|Any CPU
		{E224FDE0-E3DD-4C54-ABDE-E9046521E571}.Debug|Any CPU.ActiveCfg = Debug|Any CPU
		{E224FDE0-E3DD-4C54-ABDE-E9046521E571}.Debug|Any CPU.Build.0 = Debug|Any CPU
		{E224FDE0-E3DD-4C54-ABDE-E9046521E571}.Release|Any CPU.ActiveCfg = Release|Any CPU
		{E224FDE0-E3DD-4C54-ABDE-E9046521E571}.Release|Any CPU.Build.0 = Release|Any CPU
	EndGlobalSection
	GlobalSection(SolutionProperties) = preSolution
		HideSolutionNode = FALSE
	EndGlobalSection
	GlobalSection(ExtensibilityGlobals) = postSolution
		SolutionGuid = {89242FEC-6487-457A-A20A-D92817CEF96F}
	EndGlobalSection
EndGlobal
