
Microsoft Visual Studio Solution File, Format Version 12.00
# Visual Studio Version 17
VisualStudioVersion = 17.3.32901.215
MinimumVisualStudioVersion = 10.0.40219.1
Project("{9A19103F-16F7-4668-BE54-9A1E7A4F7556}") = "Exercicio001", "Exercicio001.csproj", "{B4880D49-70DE-44FC-9E19-D45E3C09F5B4}"
EndProject
Project("{9A19103F-16F7-4668-BE54-9A1E7A4F7556}") = "Exercicio002", "..\Exercicio002\Exercicio002.csproj", "{447DAD8F-B4AF-40C8-9A72-70C4A5A02F00}"
EndProject
Project("{9A19103F-16F7-4668-BE54-9A1E7A4F7556}") = "Exercicio003", "..\Exercicio003\Exercicio003.csproj", "{821E5D31-B5FF-4F48-845E-13D0701C2775}"
EndProject
Project("{9A19103F-16F7-4668-BE54-9A1E7A4F7556}") = "Exercicio004", "..\Exercicio004\Exercicio004.csproj", "{BCFDAAC9-9633-4D07-8417-F80F75BA4CD0}"
EndProject
Project("{9A19103F-16F7-4668-BE54-9A1E7A4F7556}") = "Exercicio005", "..\Exercicio005\Exercicio005.csproj", "{DCE46139-8EA6-4474-AA4F-1E15E0C3828D}"
EndProject
Project("{FAE04EC0-301F-11D3-BF4B-00C04F79EFBC}") = "Exercicio006", "..\Exercicio006\Exercicio006.csproj", "{5A06AB38-A597-4171-847C-5388ABCA744C}"
EndProject
Project("{FAE04EC0-301F-11D3-BF4B-00C04F79EFBC}") = "Exercicio007", "..\Exercicio007\Exercicio007.csproj", "{1C166AD7-321B-40B8-B4A3-E7DE2D631ACC}"
EndProject
Project("{FAE04EC0-301F-11D3-BF4B-00C04F79EFBC}") = "Exercicio008", "..\Exercicio008\Exercicio008.csproj", "{EA0DFF6F-5843-4AAF-9FE3-5C26CB3BA188}"
EndProject
Global
	GlobalSection(SolutionConfigurationPlatforms) = preSolution
		Debug|Any CPU = Debug|Any CPU
		Release|Any CPU = Release|Any CPU
	EndGlobalSection
	GlobalSection(ProjectConfigurationPlatforms) = postSolution
		{B4880D49-70DE-44FC-9E19-D45E3C09F5B4}.Debug|Any CPU.ActiveCfg = Debug|Any CPU
		{B4880D49-70DE-44FC-9E19-D45E3C09F5B4}.Debug|Any CPU.Build.0 = Debug|Any CPU
		{B4880D49-70DE-44FC-9E19-D45E3C09F5B4}.Release|Any CPU.ActiveCfg = Release|Any CPU
		{B4880D49-70DE-44FC-9E19-D45E3C09F5B4}.Release|Any CPU.Build.0 = Release|Any CPU
		{447DAD8F-B4AF-40C8-9A72-70C4A5A02F00}.Debug|Any CPU.ActiveCfg = Debug|Any CPU
		{447DAD8F-B4AF-40C8-9A72-70C4A5A02F00}.Debug|Any CPU.Build.0 = Debug|Any CPU
		{447DAD8F-B4AF-40C8-9A72-70C4A5A02F00}.Release|Any CPU.ActiveCfg = Release|Any CPU
		{447DAD8F-B4AF-40C8-9A72-70C4A5A02F00}.Release|Any CPU.Build.0 = Release|Any CPU
		{821E5D31-B5FF-4F48-845E-13D0701C2775}.Debug|Any CPU.ActiveCfg = Debug|Any CPU
		{821E5D31-B5FF-4F48-845E-13D0701C2775}.Debug|Any CPU.Build.0 = Debug|Any CPU
		{821E5D31-B5FF-4F48-845E-13D0701C2775}.Release|Any CPU.ActiveCfg = Release|Any CPU
		{821E5D31-B5FF-4F48-845E-13D0701C2775}.Release|Any CPU.Build.0 = Release|Any CPU
		{BCFDAAC9-9633-4D07-8417-F80F75BA4CD0}.Debug|Any CPU.ActiveCfg = Debug|Any CPU
		{BCFDAAC9-9633-4D07-8417-F80F75BA4CD0}.Debug|Any CPU.Build.0 = Debug|Any CPU
		{BCFDAAC9-9633-4D07-8417-F80F75BA4CD0}.Release|Any CPU.ActiveCfg = Release|Any CPU
		{BCFDAAC9-9633-4D07-8417-F80F75BA4CD0}.Release|Any CPU.Build.0 = Release|Any CPU
		{DCE46139-8EA6-4474-AA4F-1E15E0C3828D}.Debug|Any CPU.ActiveCfg = Debug|Any CPU
		{DCE46139-8EA6-4474-AA4F-1E15E0C3828D}.Debug|Any CPU.Build.0 = Debug|Any CPU
		{DCE46139-8EA6-4474-AA4F-1E15E0C3828D}.Release|Any CPU.ActiveCfg = Release|Any CPU
		{DCE46139-8EA6-4474-AA4F-1E15E0C3828D}.Release|Any CPU.Build.0 = Release|Any CPU
		{5A06AB38-A597-4171-847C-5388ABCA744C}.Debug|Any CPU.ActiveCfg = Debug|Any CPU
		{5A06AB38-A597-4171-847C-5388ABCA744C}.Debug|Any CPU.Build.0 = Debug|Any CPU
		{5A06AB38-A597-4171-847C-5388ABCA744C}.Release|Any CPU.ActiveCfg = Release|Any CPU
		{5A06AB38-A597-4171-847C-5388ABCA744C}.Release|Any CPU.Build.0 = Release|Any CPU
		{1C166AD7-321B-40B8-B4A3-E7DE2D631ACC}.Debug|Any CPU.ActiveCfg = Debug|Any CPU
		{1C166AD7-321B-40B8-B4A3-E7DE2D631ACC}.Debug|Any CPU.Build.0 = Debug|Any CPU
		{1C166AD7-321B-40B8-B4A3-E7DE2D631ACC}.Release|Any CPU.ActiveCfg = Release|Any CPU
		{1C166AD7-321B-40B8-B4A3-E7DE2D631ACC}.Release|Any CPU.Build.0 = Release|Any CPU
		{EA0DFF6F-5843-4AAF-9FE3-5C26CB3BA188}.Debug|Any CPU.ActiveCfg = Debug|Any CPU
		{EA0DFF6F-5843-4AAF-9FE3-5C26CB3BA188}.Debug|Any CPU.Build.0 = Debug|Any CPU
		{EA0DFF6F-5843-4AAF-9FE3-5C26CB3BA188}.Release|Any CPU.ActiveCfg = Release|Any CPU
		{EA0DFF6F-5843-4AAF-9FE3-5C26CB3BA188}.Release|Any CPU.Build.0 = Release|Any CPU
	EndGlobalSection
	GlobalSection(SolutionProperties) = preSolution
		HideSolutionNode = FALSE
	EndGlobalSection
	GlobalSection(ExtensibilityGlobals) = postSolution
		SolutionGuid = {89242FEC-6487-457A-A20A-D92817CEF96F}
	EndGlobalSection
EndGlobal
